
Microsoft Visual Studio Solution File, Format Version 12.00
# Visual Studio Version 17
VisualStudioVersion = 17.10.35201.131
MinimumVisualStudioVersion = 10.0.40219.1
Project("{FAE04EC0-301F-11D3-BF4B-00C04F79EFBC}") = "SpiWpf.Data", "SpiWpf.Data\SpiWpf.Data.csproj", "{42CC5267-C518-4160-95CA-4D64DE518376}"
EndProject
Project("{FAE04EC0-301F-11D3-BF4B-00C04F79EFBC}") = "SpiWpf.Entities", "SpiWpf.Entities\SpiWpf.Entities.csproj", "{EDA63083-E551-49D7-9923-E3C0B3D537BC}"
EndProject
Project("{FAE04EC0-301F-11D3-BF4B-00C04F79EFBC}") = "SpiWpf.Wpf", "SpiWpf.App\SpiWpf.Wpf.csproj", "{FF6FFC60-F73E-4883-94FB-88B50C9B71C1}"
EndProject
Global
	GlobalSection(SolutionConfigurationPlatforms) = preSolution
		Debug|Any CPU = Debug|Any CPU
		Release|Any CPU = Release|Any CPU
	EndGlobalSection
	GlobalSection(ProjectConfigurationPlatforms) = postSolution
		{42CC5267-C518-4160-95CA-4D64DE518376}.Debug|Any CPU.ActiveCfg = Debug|Any CPU
		{42CC5267-C518-4160-95CA-4D64DE518376}.Debug|Any CPU.Build.0 = Debug|Any CPU
		{42CC5267-C518-4160-95CA-4D64DE518376}.Release|Any CPU.ActiveCfg = Release|Any CPU
		{42CC5267-C518-4160-95CA-4D64DE518376}.Release|Any CPU.Build.0 = Release|Any CPU
		{EDA63083-E551-49D7-9923-E3C0B3D537BC}.Debug|Any CPU.ActiveCfg = Debug|Any CPU
		{EDA63083-E551-49D7-9923-E3C0B3D537BC}.Debug|Any CPU.Build.0 = Debug|Any CPU
		{EDA63083-E551-49D7-9923-E3C0B3D537BC}.Release|Any CPU.ActiveCfg = Release|Any CPU
		{EDA63083-E551-49D7-9923-E3C0B3D537BC}.Release|Any CPU.Build.0 = Release|Any CPU
		{FF6FFC60-F73E-4883-94FB-88B50C9B71C1}.Debug|Any CPU.ActiveCfg = Debug|Any CPU
		{FF6FFC60-F73E-4883-94FB-88B50C9B71C1}.Debug|Any CPU.Build.0 = Debug|Any CPU
		{FF6FFC60-F73E-4883-94FB-88B50C9B71C1}.Release|Any CPU.ActiveCfg = Release|Any CPU
		{FF6FFC60-F73E-4883-94FB-88B50C9B71C1}.Release|Any CPU.Build.0 = Release|Any CPU
	EndGlobalSection
	GlobalSection(SolutionProperties) = preSolution
		HideSolutionNode = FALSE
	EndGlobalSection
	GlobalSection(ExtensibilityGlobals) = postSolution
		SolutionGuid = {B53647E7-0FCC-4CFA-849B-254C758C58C3}
	EndGlobalSection
EndGlobal
